{
  "version": 4,
  "terraform_version": "1.1.8",
  "serial": 5,
  "lineage": "5c540eb6-748a-d0c2-7a11-9e7a59588e82",
  "outputs": {},
  "resources": [
    {
      "mode": "managed",
      "type": "digitalocean_kubernetes_cluster",
      "name": "default_cluster",
      "provider": "provider[\"registry.terraform.io/digitalocean/digitalocean\"]",
      "instances": [
        {
          "schema_version": 3,
          "attributes": {
            "auto_upgrade": false,
            "cluster_subnet": "10.244.0.0/16",
            "created_at": "2022-04-29 09:19:01 +0000 UTC",
            "endpoint": "https://e4b2f2c0-590a-403e-be3d-5307591ab8fe.k8s.ondigitalocean.com",
            "ha": false,
            "id": "e4b2f2c0-590a-403e-be3d-5307591ab8fe",
            "ipv4_address": "46.101.94.93",
            "kube_config": [
              {
                "client_certificate": "",
                "client_key": "",
                "cluster_ca_certificate": "LS0tLS1CRUdJTiBDRVJUSUZJQ0FURS0tLS0tCk1JSURKekNDQWcrZ0F3SUJBZ0lDQm5Vd0RRWUpLb1pJaHZjTkFRRUxCUUF3TXpFVk1CTUdBMVVFQ2hNTVJHbG4KYVhSaGJFOWpaV0Z1TVJvd0dBWURWUVFERXhGck9ITmhZWE1nUTJ4MWMzUmxjaUJEUVRBZUZ3MHlNakEwTWprdwpPVEU1TURWYUZ3MDBNakEwTWprd09URTVNRFZhTURNeEZUQVRCZ05WQkFvVERFUnBaMmwwWVd4UFkyVmhiakVhCk1CZ0dBMVVFQXhNUmF6aHpZV0Z6SUVOc2RYTjBaWElnUTBFd2dnRWlNQTBHQ1NxR1NJYjNEUUVCQVFVQUE0SUIKRHdBd2dnRUtBb0lCQVFES2dFd0FEbXlpUXVRNVdvQ0hTYnFPNnlOQzBDa0VHUWRsNVVrVzkxMTRwV1NmTXVlNApsV21zYkV1Wk4vdmNvMWZiNTlhQjQ2b0V5MUFsUDgrVFM5dzYzemJGWXRLUUxZZ1lGdHJpdkdlR3V5ZGtTM3FPCk1ERUZITm1FYS90YlpyR0hFaUFkTkVCcXhGaUdtbHdnRmswM3pPN2dVZE9reVBNWVpiV2RGeXRQVFpxRk9DWS8KVzI4U0prcVJGOURhTFc5ZDVFZmFmZWRYaU9LWUdFc28wdXBLUGlQbGlxZ1U4ZVRVeXhzeDh5SlRJbDBtSjJlVQozaGFvdkhPSWNJTDh1cnRmdkh1enpyQUJ6SW1TMzZLZ0tVRjg5K09BL2F4VUo5MjZSN1ZMQ2JQczMwREdROU9RCmRpSXR0clEva2FWRXAzY0ZKNGl6NFN0cHh5eFBYZjRQWVJyakFnTUJBQUdqUlRCRE1BNEdBMVVkRHdFQi93UUUKQXdJQmhqQVNCZ05WSFJNQkFmOEVDREFHQVFIL0FnRUFNQjBHQTFVZERnUVdCQlRXVTNWRmhlUThLeVMwaGtacQpnRXdmeTZ1TjJ6QU5CZ2txaGtpRzl3MEJBUXNGQUFPQ0FRRUFObExLeCtaaGdFWG5sdmZ5elo0QVhBSzZWd0V6CkI5Zlp4S05GWVQzYlcrWWE4VFBvWHFCOWNKQzNqM08wdnc2OTZlWHMyb2RjcHpMWUg2WDdjQi9HNUdUUUJ3VC8KVDJCK2RmV3g2Q1ZucTN3Rk91Zk5yT2tNSE1Ia0hENkY3NXdWNGlMalNLakdNUUpJSVVpK1RFVCtlSjExSDdPawp5NXZyUTVWME5INTJVckRFMHZNNUI1WFBTK0Vqd0VpSFBMTXZjOURMbkNhZCtQeFBzc1pEYnA4TWFGZXFWSGJyCnA0bnR5TnBod1NLT2Y4QVAxVEN3bVpJK290K3RKL0c4WExQd3JvZTBoVE1pVVhOc280SzMyZ0g2NTB2SDdQYnkKQmhLYVVQN1ltOUd0cUgrZ2tzSU1mczVBMG9TVUhNeWoybXM3WTcrMHVPTVRRM2NxclJaUjYwTGRoUT09Ci0tLS0tRU5EIENFUlRJRklDQVRFLS0tLS0K",
                "expires_at": "2022-05-06T09:26:53Z",
                "host": "https://e4b2f2c0-590a-403e-be3d-5307591ab8fe.k8s.ondigitalocean.com",
                "raw_config": "apiVersion: v1\nkind: Config\nclusters:\n- cluster:\n    certificate-authority-data: LS0tLS1CRUdJTiBDRVJUSUZJQ0FURS0tLS0tCk1JSURKekNDQWcrZ0F3SUJBZ0lDQm5Vd0RRWUpLb1pJaHZjTkFRRUxCUUF3TXpFVk1CTUdBMVVFQ2hNTVJHbG4KYVhSaGJFOWpaV0Z1TVJvd0dBWURWUVFERXhGck9ITmhZWE1nUTJ4MWMzUmxjaUJEUVRBZUZ3MHlNakEwTWprdwpPVEU1TURWYUZ3MDBNakEwTWprd09URTVNRFZhTURNeEZUQVRCZ05WQkFvVERFUnBaMmwwWVd4UFkyVmhiakVhCk1CZ0dBMVVFQXhNUmF6aHpZV0Z6SUVOc2RYTjBaWElnUTBFd2dnRWlNQTBHQ1NxR1NJYjNEUUVCQVFVQUE0SUIKRHdBd2dnRUtBb0lCQVFES2dFd0FEbXlpUXVRNVdvQ0hTYnFPNnlOQzBDa0VHUWRsNVVrVzkxMTRwV1NmTXVlNApsV21zYkV1Wk4vdmNvMWZiNTlhQjQ2b0V5MUFsUDgrVFM5dzYzemJGWXRLUUxZZ1lGdHJpdkdlR3V5ZGtTM3FPCk1ERUZITm1FYS90YlpyR0hFaUFkTkVCcXhGaUdtbHdnRmswM3pPN2dVZE9reVBNWVpiV2RGeXRQVFpxRk9DWS8KVzI4U0prcVJGOURhTFc5ZDVFZmFmZWRYaU9LWUdFc28wdXBLUGlQbGlxZ1U4ZVRVeXhzeDh5SlRJbDBtSjJlVQozaGFvdkhPSWNJTDh1cnRmdkh1enpyQUJ6SW1TMzZLZ0tVRjg5K09BL2F4VUo5MjZSN1ZMQ2JQczMwREdROU9RCmRpSXR0clEva2FWRXAzY0ZKNGl6NFN0cHh5eFBYZjRQWVJyakFnTUJBQUdqUlRCRE1BNEdBMVVkRHdFQi93UUUKQXdJQmhqQVNCZ05WSFJNQkFmOEVDREFHQVFIL0FnRUFNQjBHQTFVZERnUVdCQlRXVTNWRmhlUThLeVMwaGtacQpnRXdmeTZ1TjJ6QU5CZ2txaGtpRzl3MEJBUXNGQUFPQ0FRRUFObExLeCtaaGdFWG5sdmZ5elo0QVhBSzZWd0V6CkI5Zlp4S05GWVQzYlcrWWE4VFBvWHFCOWNKQzNqM08wdnc2OTZlWHMyb2RjcHpMWUg2WDdjQi9HNUdUUUJ3VC8KVDJCK2RmV3g2Q1ZucTN3Rk91Zk5yT2tNSE1Ia0hENkY3NXdWNGlMalNLakdNUUpJSVVpK1RFVCtlSjExSDdPawp5NXZyUTVWME5INTJVckRFMHZNNUI1WFBTK0Vqd0VpSFBMTXZjOURMbkNhZCtQeFBzc1pEYnA4TWFGZXFWSGJyCnA0bnR5TnBod1NLT2Y4QVAxVEN3bVpJK290K3RKL0c4WExQd3JvZTBoVE1pVVhOc280SzMyZ0g2NTB2SDdQYnkKQmhLYVVQN1ltOUd0cUgrZ2tzSU1mczVBMG9TVUhNeWoybXM3WTcrMHVPTVRRM2NxclJaUjYwTGRoUT09Ci0tLS0tRU5EIENFUlRJRklDQVRFLS0tLS0K\n    server: https://e4b2f2c0-590a-403e-be3d-5307591ab8fe.k8s.ondigitalocean.com\n  name: do-lon1-minitwit-test-cluster\ncontexts:\n- context:\n    cluster: do-lon1-minitwit-test-cluster\n    user: do-lon1-minitwit-test-cluster-admin\n  name: do-lon1-minitwit-test-cluster\ncurrent-context: do-lon1-minitwit-test-cluster\nusers:\n- name: do-lon1-minitwit-test-cluster-admin\n  user:\n    token: dop_v1_83693b118144f561140b3514c5ebc4e69e5a1683f8283ca3326e7820da313920\n",
                "token": "dop_v1_83693b118144f561140b3514c5ebc4e69e5a1683f8283ca3326e7820da313920"
              }
            ],
            "maintenance_policy": [
              {
                "day": "any",
                "duration": "4h0m0s",
                "start_time": "5:00"
              }
            ],
            "name": "minitwit-test-cluster",
            "node_pool": [
              {
                "actual_node_count": 3,
                "auto_scale": true,
                "id": "94ad85a9-d0ac-481a-882d-1479013a2a4f",
                "labels": null,
                "max_nodes": 4,
                "min_nodes": 3,
                "name": "minitwit-test-cluster-default-pool",
                "node_count": 0,
                "nodes": [
                  {
                    "created_at": "2022-04-29 09:19:01 +0000 UTC",
                    "droplet_id": "297645693",
                    "id": "3a706a24-6ccb-4182-a468-5983dd15b97c",
                    "name": "minitwit-test-cluster-default-pool-cjok6",
                    "status": "running",
                    "updated_at": "2022-04-29 09:23:29 +0000 UTC"
                  },
                  {
                    "created_at": "2022-04-29 09:19:01 +0000 UTC",
                    "droplet_id": "297645695",
                    "id": "c7094977-7b3d-41d7-941a-f210cca96aa9",
                    "name": "minitwit-test-cluster-default-pool-cjokt",
                    "status": "running",
                    "updated_at": "2022-04-29 09:23:29 +0000 UTC"
                  },
                  {
                    "created_at": "2022-04-29 09:19:01 +0000 UTC",
                    "droplet_id": "297645694",
                    "id": "ec853f6c-3f57-40d8-b9b9-755f80666fe8",
                    "name": "minitwit-test-cluster-default-pool-cjokl",
                    "status": "running",
                    "updated_at": "2022-04-29 09:23:29 +0000 UTC"
                  }
                ],
                "size": "s-1vcpu-2gb",
                "tags": null,
                "taint": []
              }
            ],
            "region": "lon1",
            "service_subnet": "10.245.0.0/16",
            "status": "running",
            "surge_upgrade": true,
            "tags": null,
            "timeouts": null,
            "updated_at": "2022-04-29 09:26:51 +0000 UTC",
            "urn": "do:kubernetes:e4b2f2c0-590a-403e-be3d-5307591ab8fe",
            "version": "1.22.8-do.1",
            "vpc_uuid": "235f3a14-6147-419b-8919-2669c34e2975"
          },
          "sensitive_attributes": [],
          "private": "eyJlMmJmYjczMC1lY2FhLTExZTYtOGY4OC0zNDM2M2JjN2M0YzAiOnsiY3JlYXRlIjoxODAwMDAwMDAwMDAwfSwic2NoZW1hX3ZlcnNpb24iOiIzIn0="
        }
      ]
    },
    {
      "mode": "managed",
      "type": "digitalocean_loadbalancer",
      "name": "ingress_load_balancer",
      "provider": "provider[\"registry.terraform.io/digitalocean/digitalocean\"]",
      "instances": [
        {
          "schema_version": 1,
          "attributes": {
            "algorithm": "round_robin",
            "disable_lets_encrypt_dns_records": false,
            "droplet_ids": [],
            "droplet_tag": "",
            "enable_backend_keepalive": false,
            "enable_proxy_protocol": false,
            "forwarding_rule": [
              {
                "certificate_id": "",
                "certificate_name": "",
                "entry_port": 80,
                "entry_protocol": "http",
                "target_port": 80,
                "target_protocol": "http",
                "tls_passthrough": false
              }
            ],
            "healthcheck": [
              {
                "check_interval_seconds": 10,
                "healthy_threshold": 5,
                "path": "/",
                "port": 80,
                "protocol": "http",
                "response_timeout_seconds": 5,
                "unhealthy_threshold": 3
              }
            ],
            "id": "b5a5057b-5fa8-41e2-936d-9df0685c3771",
            "ip": "188.166.138.213",
            "name": "minitwit-test-cluster-lb",
            "redirect_http_to_https": false,
            "region": "lon1",
            "size": "lb-small",
            "size_unit": 1,
            "status": "active",
            "sticky_sessions": [
              {
                "cookie_name": "",
                "cookie_ttl_seconds": 0,
                "type": "none"
              }
            ],
            "urn": "do:loadbalancer:b5a5057b-5fa8-41e2-936d-9df0685c3771",
            "vpc_uuid": "235f3a14-6147-419b-8919-2669c34e2975"
          },
          "sensitive_attributes": [],
          "private": "eyJzY2hlbWFfdmVyc2lvbiI6IjEifQ=="
        }
      ]
    },
    {
      "mode": "managed",
      "type": "digitalocean_record",
      "name": "a_records",
      "provider": "provider[\"registry.terraform.io/digitalocean/digitalocean\"]",
      "instances": []
    },
    {
      "mode": "managed",
      "type": "digitalocean_record",
      "name": "cname_redirects",
      "provider": "provider[\"registry.terraform.io/digitalocean/digitalocean\"]",
      "instances": []
    },
    {
      "mode": "managed",
      "type": "helm_release",
      "name": "nginx_ingress_chart",
      "provider": "provider[\"registry.terraform.io/hashicorp/helm\"]",
      "instances": [
        {
          "schema_version": 0,
          "attributes": {
            "atomic": false,
            "chart": "nginx-ingress-controller",
            "cleanup_on_fail": false,
            "create_namespace": false,
            "dependency_update": false,
            "description": null,
            "devel": null,
            "disable_crd_hooks": false,
            "disable_openapi_validation": false,
            "disable_webhooks": false,
            "force_update": false,
            "id": "nginx-ingress-controller",
            "keyring": null,
            "lint": false,
            "manifest": null,
            "max_history": 0,
            "metadata": [
              {
                "app_version": "1.1.3",
                "chart": "nginx-ingress-controller",
                "name": "nginx-ingress-controller",
                "namespace": "default",
                "revision": 1,
                "values": "{\"service\":{\"annotations\":{\"kubernetes.digitalocean.com/load-balancer-id\":\"b5a5057b-5fa8-41e2-936d-9df0685c3771\"},\"type\":\"LoadBalancer\"}}",
                "version": "9.1.26"
              }
            ],
            "name": "nginx-ingress-controller",
            "namespace": "default",
            "postrender": [],
            "recreate_pods": false,
            "render_subchart_notes": true,
            "replace": false,
            "repository": "https://charts.bitnami.com/bitnami",
            "repository_ca_file": null,
            "repository_cert_file": null,
            "repository_key_file": null,
            "repository_password": null,
            "repository_username": null,
            "reset_values": false,
            "reuse_values": false,
            "set": [
              {
                "name": "service.annotations.kubernetes\\.digitalocean\\.com/load-balancer-id",
                "type": "",
                "value": "b5a5057b-5fa8-41e2-936d-9df0685c3771"
              },
              {
                "name": "service.type",
                "type": "",
                "value": "LoadBalancer"
              }
            ],
            "set_sensitive": [],
            "skip_crds": false,
            "status": "deployed",
            "timeout": 300,
            "values": null,
            "verify": false,
            "version": "9.1.26",
            "wait": true,
            "wait_for_jobs": false
          },
          "sensitive_attributes": [],
          "private": "bnVsbA==",
          "dependencies": [
            "digitalocean_kubernetes_cluster.default_cluster",
            "digitalocean_loadbalancer.ingress_load_balancer"
          ]
        }
      ]
    }
  ]
}
